
Microsoft Visual Studio Solution File, Format Version 12.00
# Visual Studio Version 16
VisualStudioVersion = 16.0.31005.135
MinimumVisualStudioVersion = 10.0.40219.1
Project("{FAE04EC0-301F-11D3-BF4B-00C04F79EFBC}") = "MoneyWorker", "MoneyWorker.csproj", "{C3221617-D5F3-4F8E-9E8C-0D1416D09717}"
EndProject
Global
	GlobalSection(SolutionConfigurationPlatforms) = preSolution
		Debug|Any CPU = Debug|Any CPU
		Release|Any CPU = Release|Any CPU
	EndGlobalSection
	GlobalSection(ProjectConfigurationPlatforms) = postSolution
		{C3221617-D5F3-4F8E-9E8C-0D1416D09717}.Debug|Any CPU.ActiveCfg = Debug|Any CPU
		{C3221617-D5F3-4F8E-9E8C-0D1416D09717}.Debug|Any CPU.Build.0 = Debug|Any CPU
		{C3221617-D5F3-4F8E-9E8C-0D1416D09717}.Release|Any CPU.ActiveCfg = Release|Any CPU
		{C3221617-D5F3-4F8E-9E8C-0D1416D09717}.Release|Any CPU.Build.0 = Release|Any CPU
	EndGlobalSection
	GlobalSection(SolutionProperties) = preSolution
		HideSolutionNode = FALSE
	EndGlobalSection
	GlobalSection(ExtensibilityGlobals) = postSolution
		SolutionGuid = {891651D5-4936-4A32-A278-F7D688E75451}
	EndGlobalSection
EndGlobal
